
Microsoft Visual Studio Solution File, Format Version 12.00
# Visual Studio Version 17
VisualStudioVersion = 17.13.35931.197 d17.13
MinimumVisualStudioVersion = 10.0.40219.1
Project("{FAE04EC0-301F-11D3-BF4B-00C04F79EFBC}") = "Evora.API", "Evora.API\Evora.API.csproj", "{57AD5077-8123-4B79-9579-1B805BE47F01}"
EndProject
Project("{FAE04EC0-301F-11D3-BF4B-00C04F79EFBC}") = "Evora.Domain", "Evora.Domain\Evora.Domain.csproj", "{0030F711-C352-4347-AA53-3A2A5CF26823}"
EndProject
Project("{FAE04EC0-301F-11D3-BF4B-00C04F79EFBC}") = "Evora.Service", "Evora.Service\Evora.Service.csproj", "{845E9759-C013-4B51-835B-FB07CB593E86}"
EndProject
Project("{FAE04EC0-301F-11D3-BF4B-00C04F79EFBC}") = "Evora.Repository", "Evora.Repository\Evora.Repository.csproj", "{5B1BA910-55B9-48AA-BD6F-021FD7839AE7}"
EndProject
Project("{FAE04EC0-301F-11D3-BF4B-00C04F79EFBC}") = "Evora.Interface", "Evora.Interface\Evora.Interface.csproj", "{05EFBC4B-5C2A-400A-9564-F35586A28D7B}"
EndProject
Global
	GlobalSection(SolutionConfigurationPlatforms) = preSolution
		Debug|Any CPU = Debug|Any CPU
		Release|Any CPU = Release|Any CPU
	EndGlobalSection
	GlobalSection(ProjectConfigurationPlatforms) = postSolution
		{57AD5077-8123-4B79-9579-1B805BE47F01}.Debug|Any CPU.ActiveCfg = Debug|Any CPU
		{57AD5077-8123-4B79-9579-1B805BE47F01}.Debug|Any CPU.Build.0 = Debug|Any CPU
		{57AD5077-8123-4B79-9579-1B805BE47F01}.Release|Any CPU.ActiveCfg = Release|Any CPU
		{57AD5077-8123-4B79-9579-1B805BE47F01}.Release|Any CPU.Build.0 = Release|Any CPU
		{0030F711-C352-4347-AA53-3A2A5CF26823}.Debug|Any CPU.ActiveCfg = Debug|Any CPU
		{0030F711-C352-4347-AA53-3A2A5CF26823}.Debug|Any CPU.Build.0 = Debug|Any CPU
		{0030F711-C352-4347-AA53-3A2A5CF26823}.Release|Any CPU.ActiveCfg = Release|Any CPU
		{0030F711-C352-4347-AA53-3A2A5CF26823}.Release|Any CPU.Build.0 = Release|Any CPU
		{845E9759-C013-4B51-835B-FB07CB593E86}.Debug|Any CPU.ActiveCfg = Debug|Any CPU
		{845E9759-C013-4B51-835B-FB07CB593E86}.Debug|Any CPU.Build.0 = Debug|Any CPU
		{845E9759-C013-4B51-835B-FB07CB593E86}.Release|Any CPU.ActiveCfg = Release|Any CPU
		{845E9759-C013-4B51-835B-FB07CB593E86}.Release|Any CPU.Build.0 = Release|Any CPU
		{5B1BA910-55B9-48AA-BD6F-021FD7839AE7}.Debug|Any CPU.ActiveCfg = Debug|Any CPU
		{5B1BA910-55B9-48AA-BD6F-021FD7839AE7}.Debug|Any CPU.Build.0 = Debug|Any CPU
		{5B1BA910-55B9-48AA-BD6F-021FD7839AE7}.Release|Any CPU.ActiveCfg = Release|Any CPU
		{5B1BA910-55B9-48AA-BD6F-021FD7839AE7}.Release|Any CPU.Build.0 = Release|Any CPU
		{05EFBC4B-5C2A-400A-9564-F35586A28D7B}.Debug|Any CPU.ActiveCfg = Debug|Any CPU
		{05EFBC4B-5C2A-400A-9564-F35586A28D7B}.Debug|Any CPU.Build.0 = Debug|Any CPU
		{05EFBC4B-5C2A-400A-9564-F35586A28D7B}.Release|Any CPU.ActiveCfg = Release|Any CPU
		{05EFBC4B-5C2A-400A-9564-F35586A28D7B}.Release|Any CPU.Build.0 = Release|Any CPU
	EndGlobalSection
	GlobalSection(SolutionProperties) = preSolution
		HideSolutionNode = FALSE
	EndGlobalSection
	GlobalSection(ExtensibilityGlobals) = postSolution
		SolutionGuid = {0144881F-581E-435B-BAB4-702CD4D9BF42}
	EndGlobalSection
EndGlobal
